
Microsoft Visual Studio Solution File, Format Version 12.00
# Visual Studio Version 17
VisualStudioVersion = 17.14.36221.1 d17.14
MinimumVisualStudioVersion = 10.0.40219.1
Project("{FAE04EC0-301F-11D3-BF4B-00C04F79EFBC}") = "MeridianAssessment", "MeridianAssessment\MeridianAssessment.csproj", "{F00413A1-C12C-404E-94AE-747AB6F79FB9}"
EndProject
Global
	GlobalSection(SolutionConfigurationPlatforms) = preSolution
		Debug|Any CPU = Debug|Any CPU
		Release|Any CPU = Release|Any CPU
	EndGlobalSection
	GlobalSection(ProjectConfigurationPlatforms) = postSolution
		{F00413A1-C12C-404E-94AE-747AB6F79FB9}.Debug|Any CPU.ActiveCfg = Debug|Any CPU
		{F00413A1-C12C-404E-94AE-747AB6F79FB9}.Debug|Any CPU.Build.0 = Debug|Any CPU
		{F00413A1-C12C-404E-94AE-747AB6F79FB9}.Release|Any CPU.ActiveCfg = Release|Any CPU
		{F00413A1-C12C-404E-94AE-747AB6F79FB9}.Release|Any CPU.Build.0 = Release|Any CPU
	EndGlobalSection
	GlobalSection(SolutionProperties) = preSolution
		HideSolutionNode = FALSE
	EndGlobalSection
	GlobalSection(ExtensibilityGlobals) = postSolution
		SolutionGuid = {ABA872D1-D530-4016-BB2F-CDAE114FD2C4}
	EndGlobalSection
EndGlobal
